
Microsoft Visual Studio Solution File, Format Version 12.00
# Visual Studio Version 17
VisualStudioVersion = 17.5.33530.505
MinimumVisualStudioVersion = 10.0.40219.1
Project("{FAE04EC0-301F-11D3-BF4B-00C04F79EFBC}") = "Trabalho_PI", "Trabalho_PI\Trabalho_PI.csproj", "{8E107159-FABF-46DD-B291-B2F713C89086}"
EndProject
Global
	GlobalSection(SolutionConfigurationPlatforms) = preSolution
		Debug|Any CPU = Debug|Any CPU
		Release|Any CPU = Release|Any CPU
	EndGlobalSection
	GlobalSection(ProjectConfigurationPlatforms) = postSolution
		{8E107159-FABF-46DD-B291-B2F713C89086}.Debug|Any CPU.ActiveCfg = Debug|Any CPU
		{8E107159-FABF-46DD-B291-B2F713C89086}.Debug|Any CPU.Build.0 = Debug|Any CPU
		{8E107159-FABF-46DD-B291-B2F713C89086}.Release|Any CPU.ActiveCfg = Release|Any CPU
		{8E107159-FABF-46DD-B291-B2F713C89086}.Release|Any CPU.Build.0 = Release|Any CPU
	EndGlobalSection
	GlobalSection(SolutionProperties) = preSolution
		HideSolutionNode = FALSE
	EndGlobalSection
	GlobalSection(ExtensibilityGlobals) = postSolution
		SolutionGuid = {439A2339-068E-4353-B0A8-E61650341B95}
	EndGlobalSection
EndGlobal
