
Microsoft Visual Studio Solution File, Format Version 12.00
# Visual Studio Version 17
VisualStudioVersion = 17.5.33530.505
MinimumVisualStudioVersion = 10.0.40219.1
Project("{FAE04EC0-301F-11D3-BF4B-00C04F79EFBC}") = "ColetaBlu", "ColetaBlu\ColetaBlu.csproj", "{5461B4DC-61DA-4E57-A9E2-A060AE153F90}"
EndProject
Global
	GlobalSection(SolutionConfigurationPlatforms) = preSolution
		Debug|Any CPU = Debug|Any CPU
		Release|Any CPU = Release|Any CPU
	EndGlobalSection
	GlobalSection(ProjectConfigurationPlatforms) = postSolution
		{5461B4DC-61DA-4E57-A9E2-A060AE153F90}.Debug|Any CPU.ActiveCfg = Debug|Any CPU
		{5461B4DC-61DA-4E57-A9E2-A060AE153F90}.Debug|Any CPU.Build.0 = Debug|Any CPU
		{5461B4DC-61DA-4E57-A9E2-A060AE153F90}.Release|Any CPU.ActiveCfg = Release|Any CPU
		{5461B4DC-61DA-4E57-A9E2-A060AE153F90}.Release|Any CPU.Build.0 = Release|Any CPU
	EndGlobalSection
	GlobalSection(SolutionProperties) = preSolution
		HideSolutionNode = FALSE
	EndGlobalSection
	GlobalSection(ExtensibilityGlobals) = postSolution
		SolutionGuid = {BEA65B20-D881-4D9A-BE00-7F32AA8389D4}
	EndGlobalSection
EndGlobal
